// !$*UTF8*$!
{
	archiveVersion = 1;
	classes = {
	};
	objectVersion = 46;
	objects = {

/* Begin PBXBuildFile section */
		1803513C1FE6797D001A60B3 /* Coordinates.swift in Sources */ = {isa = PBXBuildFile; fileRef = 1803513B1FE6797D001A60B3 /* Coordinates.swift */; };
		183940581FD3ED5700F0DB12 /* AppDelegate.swift in Sources */ = {isa = PBXBuildFile; fileRef = 183940571FD3ED5700F0DB12 /* AppDelegate.swift */; };
		1839405A1FD3ED5700F0DB12 /* ViewController.swift in Sources */ = {isa = PBXBuildFile; fileRef = 183940591FD3ED5700F0DB12 /* ViewController.swift */; };
		1839405D1FD3ED5700F0DB12 /* Main.storyboard in Resources */ = {isa = PBXBuildFile; fileRef = 1839405B1FD3ED5700F0DB12 /* Main.storyboard */; };
		1839405F1FD3ED5700F0DB12 /* Assets.xcassets in Resources */ = {isa = PBXBuildFile; fileRef = 1839405E1FD3ED5700F0DB12 /* Assets.xcassets */; };
		183940621FD3ED5700F0DB12 /* LaunchScreen.storyboard in Resources */ = {isa = PBXBuildFile; fileRef = 183940601FD3ED5700F0DB12 /* LaunchScreen.storyboard */; };
		18B015481FE67EEC00EF29F4 /* Constants.swift in Sources */ = {isa = PBXBuildFile; fileRef = 18B015471FE67EEC00EF29F4 /* Constants.swift */; };
		CA062EB01FE66B3200891387 /* FindMyLocationViewController.swift in Sources */ = {isa = PBXBuildFile; fileRef = CA062EAF1FE66B3100891387 /* FindMyLocationViewController.swift */; };
		CA062EB21FE671AA00891387 /* Item.swift in Sources */ = {isa = PBXBuildFile; fileRef = CA062EB11FE671AA00891387 /* Item.swift */; };
		CA062EB41FE6CF8A00891387 /* DrawImage.swift in Sources */ = {isa = PBXBuildFile; fileRef = CA062EB31FE6CF8A00891387 /* DrawImage.swift */; };
		CA062EBA1FE7814E00891387 /* FindSeatViewController.swift in Sources */ = {isa = PBXBuildFile; fileRef = CA062EB91FE7814E00891387 /* FindSeatViewController.swift */; };
		CA062EBE1FE7B6B800891387 /* EmitterViewController.swift in Sources */ = {isa = PBXBuildFile; fileRef = CA062EBD1FE7B6B800891387 /* EmitterViewController.swift */; };
		CA062ED81FE8014000891387 /* SearchPath.swift in Sources */ = {isa = PBXBuildFile; fileRef = CA062ED71FE8014000891387 /* SearchPath.swift */; };
		CA062EDA1FE8065100891387 /* PlaceFinderViewController.swift in Sources */ = {isa = PBXBuildFile; fileRef = CA062ED91FE8065100891387 /* PlaceFinderViewController.swift */; };
		CA062EDE1FE828E400891387 /* PlaceFinderFirstViewController.swift in Sources */ = {isa = PBXBuildFile; fileRef = CA062EDD1FE828E400891387 /* PlaceFinderFirstViewController.swift */; };
		CAFA50421FE938570083C7E9 /* ReceiverViewController.swift in Sources */ = {isa = PBXBuildFile; fileRef = CAFA50411FE938570083C7E9 /* ReceiverViewController.swift */; };
		CAFA50441FEE027A0083C7E9 /* SuggestionTableViewController.swift in Sources */ = {isa = PBXBuildFile; fileRef = CAFA50431FEE027A0083C7E9 /* SuggestionTableViewController.swift */; };
		CAFA50461FEE02AA0083C7E9 /* SuggestionTableViewCell.swift in Sources */ = {isa = PBXBuildFile; fileRef = CAFA50451FEE02AA0083C7E9 /* SuggestionTableViewCell.swift */; };
		CAFA50481FEE03B70083C7E9 /* Store.swift in Sources */ = {isa = PBXBuildFile; fileRef = CAFA50471FEE03B70083C7E9 /* Store.swift */; };
/* End PBXBuildFile section */

/* Begin PBXFileReference section */
		1803513B1FE6797D001A60B3 /* Coordinates.swift */ = {isa = PBXFileReference; fileEncoding = 4; lastKnownFileType = sourcecode.swift; path = Coordinates.swift; sourceTree = "<group>"; };
		183940541FD3ED5700F0DB12 /* TrackMeIndoor.app */ = {isa = PBXFileReference; explicitFileType = wrapper.application; includeInIndex = 0; path = TrackMeIndoor.app; sourceTree = BUILT_PRODUCTS_DIR; };
		183940571FD3ED5700F0DB12 /* AppDelegate.swift */ = {isa = PBXFileReference; lastKnownFileType = sourcecode.swift; path = AppDelegate.swift; sourceTree = "<group>"; };
		183940591FD3ED5700F0DB12 /* ViewController.swift */ = {isa = PBXFileReference; lastKnownFileType = sourcecode.swift; path = ViewController.swift; sourceTree = "<group>"; };
		1839405C1FD3ED5700F0DB12 /* Base */ = {isa = PBXFileReference; lastKnownFileType = file.storyboard; name = Base; path = Base.lproj/Main.storyboard; sourceTree = "<group>"; };
		1839405E1FD3ED5700F0DB12 /* Assets.xcassets */ = {isa = PBXFileReference; lastKnownFileType = folder.assetcatalog; path = Assets.xcassets; sourceTree = "<group>"; };
		183940611FD3ED5700F0DB12 /* Base */ = {isa = PBXFileReference; lastKnownFileType = file.storyboard; name = Base; path = Base.lproj/LaunchScreen.storyboard; sourceTree = "<group>"; };
		183940631FD3ED5700F0DB12 /* Info.plist */ = {isa = PBXFileReference; lastKnownFileType = text.plist.xml; path = Info.plist; sourceTree = "<group>"; };
		18B015471FE67EEC00EF29F4 /* Constants.swift */ = {isa = PBXFileReference; fileEncoding = 4; lastKnownFileType = sourcecode.swift; path = Constants.swift; sourceTree = "<group>"; };
		CA062EAF1FE66B3100891387 /* FindMyLocationViewController.swift */ = {isa = PBXFileReference; lastKnownFileType = sourcecode.swift; path = FindMyLocationViewController.swift; sourceTree = "<group>"; };
		CA062EB11FE671AA00891387 /* Item.swift */ = {isa = PBXFileReference; lastKnownFileType = sourcecode.swift; path = Item.swift; sourceTree = "<group>"; };
		CA062EB31FE6CF8A00891387 /* DrawImage.swift */ = {isa = PBXFileReference; lastKnownFileType = sourcecode.swift; path = DrawImage.swift; sourceTree = "<group>"; };
		CA062EB91FE7814E00891387 /* FindSeatViewController.swift */ = {isa = PBXFileReference; lastKnownFileType = sourcecode.swift; path = FindSeatViewController.swift; sourceTree = "<group>"; };
		CA062EBD1FE7B6B800891387 /* EmitterViewController.swift */ = {isa = PBXFileReference; lastKnownFileType = sourcecode.swift; path = EmitterViewController.swift; sourceTree = "<group>"; };
		CA062ED71FE8014000891387 /* SearchPath.swift */ = {isa = PBXFileReference; lastKnownFileType = sourcecode.swift; path = SearchPath.swift; sourceTree = "<group>"; };
		CA062ED91FE8065100891387 /* PlaceFinderViewController.swift */ = {isa = PBXFileReference; lastKnownFileType = sourcecode.swift; path = PlaceFinderViewController.swift; sourceTree = "<group>"; };
		CA062EDD1FE828E400891387 /* PlaceFinderFirstViewController.swift */ = {isa = PBXFileReference; lastKnownFileType = sourcecode.swift; path = PlaceFinderFirstViewController.swift; sourceTree = "<group>"; };
		CAFA50411FE938570083C7E9 /* ReceiverViewController.swift */ = {isa = PBXFileReference; lastKnownFileType = sourcecode.swift; path = ReceiverViewController.swift; sourceTree = "<group>"; };
		CAFA50431FEE027A0083C7E9 /* SuggestionTableViewController.swift */ = {isa = PBXFileReference; lastKnownFileType = sourcecode.swift; path = SuggestionTableViewController.swift; sourceTree = "<group>"; };
		CAFA50451FEE02AA0083C7E9 /* SuggestionTableViewCell.swift */ = {isa = PBXFileReference; lastKnownFileType = sourcecode.swift; path = SuggestionTableViewCell.swift; sourceTree = "<group>"; };
		CAFA50471FEE03B70083C7E9 /* Store.swift */ = {isa = PBXFileReference; lastKnownFileType = sourcecode.swift; path = Store.swift; sourceTree = "<group>"; };
/* End PBXFileReference section */

/* Begin PBXFrameworksBuildPhase section */
		183940511FD3ED5700F0DB12 /* Frameworks */ = {
			isa = PBXFrameworksBuildPhase;
			buildActionMask = 2147483647;
			files = (
			);
			runOnlyForDeploymentPostprocessing = 0;
		};
/* End PBXFrameworksBuildPhase section */

/* Begin PBXGroup section */
		1839404B1FD3ED5700F0DB12 = {
			isa = PBXGroup;
			children = (
				183940561FD3ED5700F0DB12 /* TrackMeIndoor */,
				183940551FD3ED5700F0DB12 /* Products */,
			);
			sourceTree = "<group>";
		};
		183940551FD3ED5700F0DB12 /* Products */ = {
			isa = PBXGroup;
			children = (
				183940541FD3ED5700F0DB12 /* TrackMeIndoor.app */,
			);
			name = Products;
			sourceTree = "<group>";
		};
		183940561FD3ED5700F0DB12 /* TrackMeIndoor */ = {
			isa = PBXGroup;
			children = (
				CA062ED61FE7F09900891387 /* Controller */,
				CA062ED51FE7F07F00891387 /* Utility */,
				183940571FD3ED5700F0DB12 /* AppDelegate.swift */,
				CA062EDF1FE8A47600891387 /* Constants */,
				1839405B1FD3ED5700F0DB12 /* Main.storyboard */,
				1839405E1FD3ED5700F0DB12 /* Assets.xcassets */,
				183940601FD3ED5700F0DB12 /* LaunchScreen.storyboard */,
				183940631FD3ED5700F0DB12 /* Info.plist */,
			);
			path = TrackMeIndoor;
			sourceTree = "<group>";
		};
		CA062ED51FE7F07F00891387 /* Utility */ = {
			isa = PBXGroup;
			children = (
				CA062EB11FE671AA00891387 /* Item.swift */,
				CA062EB31FE6CF8A00891387 /* DrawImage.swift */,
				1803513B1FE6797D001A60B3 /* Coordinates.swift */,
				CAFA50471FEE03B70083C7E9 /* Store.swift */,
				CA062ED71FE8014000891387 /* SearchPath.swift */,
			);
			path = Utility;
			sourceTree = "<group>";
		};
		CA062ED61FE7F09900891387 /* Controller */ = {
			isa = PBXGroup;
			children = (
				183940591FD3ED5700F0DB12 /* ViewController.swift */,
				CAFA50431FEE027A0083C7E9 /* SuggestionTableViewController.swift */,
				CAFA50451FEE02AA0083C7E9 /* SuggestionTableViewCell.swift */,
				CA062EAF1FE66B3100891387 /* FindMyLocationViewController.swift */,
				CA062EBD1FE7B6B800891387 /* EmitterViewController.swift */,
				CAFA50411FE938570083C7E9 /* ReceiverViewController.swift */,
				CA062EDD1FE828E400891387 /* PlaceFinderFirstViewController.swift */,
				CA062ED91FE8065100891387 /* PlaceFinderViewController.swift */,
				CA062EB91FE7814E00891387 /* FindSeatViewController.swift */,
			);
			path = Controller;
			sourceTree = "<group>";
		};
		CA062EDF1FE8A47600891387 /* Constants */ = {
			isa = PBXGroup;
			children = (
				18B015471FE67EEC00EF29F4 /* Constants.swift */,
			);
			path = Constants;
			sourceTree = "<group>";
		};
/* End PBXGroup section */

/* Begin PBXNativeTarget section */
		183940531FD3ED5700F0DB12 /* TrackMeIndoor */ = {
			isa = PBXNativeTarget;
			buildConfigurationList = 183940661FD3ED5700F0DB12 /* Build configuration list for PBXNativeTarget "TrackMeIndoor" */;
			buildPhases = (
				183940501FD3ED5700F0DB12 /* Sources */,
				183940511FD3ED5700F0DB12 /* Frameworks */,
				183940521FD3ED5700F0DB12 /* Resources */,
			);
			buildRules = (
			);
			dependencies = (
			);
			name = TrackMeIndoor;
			productName = TrackMeIndoor;
			productReference = 183940541FD3ED5700F0DB12 /* TrackMeIndoor.app */;
			productType = "com.apple.product-type.application";
		};
/* End PBXNativeTarget section */

/* Begin PBXProject section */
		1839404C1FD3ED5700F0DB12 /* Project object */ = {
			isa = PBXProject;
			attributes = {
				LastSwiftUpdateCheck = 0820;
				LastUpgradeCheck = 0820;
				ORGANIZATIONNAME = "Team 22";
				TargetAttributes = {
					183940531FD3ED5700F0DB12 = {
						CreatedOnToolsVersion = 8.2.1;
						DevelopmentTeam = 3KGZVUCKF2;
						LastSwiftMigration = 0900;
						ProvisioningStyle = Automatic;
					};
				};
			};
			buildConfigurationList = 1839404F1FD3ED5700F0DB12 /* Build configuration list for PBXProject "TrackMeIndoor" */;
			compatibilityVersion = "Xcode 3.2";
			developmentRegion = English;
			hasScannedForEncodings = 0;
			knownRegions = (
				en,
				Base,
			);
			mainGroup = 1839404B1FD3ED5700F0DB12;
			productRefGroup = 183940551FD3ED5700F0DB12 /* Products */;
			projectDirPath = "";
			projectRoot = "";
			targets = (
				183940531FD3ED5700F0DB12 /* TrackMeIndoor */,
			);
		};
/* End PBXProject section */

/* Begin PBXResourcesBuildPhase section */
		183940521FD3ED5700F0DB12 /* Resources */ = {
			isa = PBXResourcesBuildPhase;
			buildActionMask = 2147483647;
			files = (
				183940621FD3ED5700F0DB12 /* LaunchScreen.storyboard in Resources */,
				1839405F1FD3ED5700F0DB12 /* Assets.xcassets in Resources */,
				1839405D1FD3ED5700F0DB12 /* Main.storyboard in Resources */,
			);
			runOnlyForDeploymentPostprocessing = 0;
		};
/* End PBXResourcesBuildPhase section */

/* Begin PBXSourcesBuildPhase section */
		183940501FD3ED5700F0DB12 /* Sources */ = {
			isa = PBXSourcesBuildPhase;
			buildActionMask = 2147483647;
			files = (
				CA062EB21FE671AA00891387 /* Item.swift in Sources */,
				CA062EBE1FE7B6B800891387 /* EmitterViewController.swift in Sources */,
				CAFA50461FEE02AA0083C7E9 /* SuggestionTableViewCell.swift in Sources */,
				CAFA50481FEE03B70083C7E9 /* Store.swift in Sources */,
				CA062EB01FE66B3200891387 /* FindMyLocationViewController.swift in Sources */,
				CAFA50441FEE027A0083C7E9 /* SuggestionTableViewController.swift in Sources */,
				CAFA50421FE938570083C7E9 /* ReceiverViewController.swift in Sources */,
				CA062EDE1FE828E400891387 /* PlaceFinderFirstViewController.swift in Sources */,
				CA062EBA1FE7814E00891387 /* FindSeatViewController.swift in Sources */,
				1803513C1FE6797D001A60B3 /* Coordinates.swift in Sources */,
				CA062EB41FE6CF8A00891387 /* DrawImage.swift in Sources */,
				1839405A1FD3ED5700F0DB12 /* ViewController.swift in Sources */,
				18B015481FE67EEC00EF29F4 /* Constants.swift in Sources */,
				CA062EDA1FE8065100891387 /* PlaceFinderViewController.swift in Sources */,
				CA062ED81FE8014000891387 /* SearchPath.swift in Sources */,
				183940581FD3ED5700F0DB12 /* AppDelegate.swift in Sources */,
			);
			runOnlyForDeploymentPostprocessing = 0;
		};
/* End PBXSourcesBuildPhase section */

/* Begin PBXVariantGroup section */
		1839405B1FD3ED5700F0DB12 /* Main.storyboard */ = {
			isa = PBXVariantGroup;
			children = (
				1839405C1FD3ED5700F0DB12 /* Base */,
			);
			name = Main.storyboard;
			sourceTree = "<group>";
		};
		183940601FD3ED5700F0DB12 /* LaunchScreen.storyboard */ = {
			isa = PBXVariantGroup;
			children = (
				183940611FD3ED5700F0DB12 /* Base */,
			);
			name = LaunchScreen.storyboard;
			sourceTree = "<group>";
		};
/* End PBXVariantGroup section */

/* Begin XCBuildConfiguration section */
		183940641FD3ED5700F0DB12 /* Debug */ = {
			isa = XCBuildConfiguration;
			buildSettings = {
				ALWAYS_SEARCH_USER_PATHS = NO;
				CLANG_ANALYZER_NONNULL = YES;
				CLANG_CXX_LANGUAGE_STANDARD = "gnu++0x";
				CLANG_CXX_LIBRARY = "libc++";
				CLANG_ENABLE_MODULES = YES;
				CLANG_ENABLE_OBJC_ARC = YES;
				CLANG_WARN_BOOL_CONVERSION = YES;
				CLANG_WARN_CONSTANT_CONVERSION = YES;
				CLANG_WARN_DIRECT_OBJC_ISA_USAGE = YES_ERROR;
				CLANG_WARN_DOCUMENTATION_COMMENTS = YES;
				CLANG_WARN_EMPTY_BODY = YES;
				CLANG_WARN_ENUM_CONVERSION = YES;
				CLANG_WARN_INFINITE_RECURSION = YES;
				CLANG_WARN_INT_CONVERSION = YES;
				CLANG_WARN_OBJC_ROOT_CLASS = YES_ERROR;
				CLANG_WARN_SUSPICIOUS_MOVE = YES;
				CLANG_WARN_UNREACHABLE_CODE = YES;
				CLANG_WARN__DUPLICATE_METHOD_MATCH = YES;
				"CODE_SIGN_IDENTITY[sdk=iphoneos*]" = "iPhone Developer";
				COPY_PHASE_STRIP = NO;
				DEBUG_INFORMATION_FORMAT = dwarf;
				ENABLE_STRICT_OBJC_MSGSEND = YES;
				ENABLE_TESTABILITY = YES;
				GCC_C_LANGUAGE_STANDARD = gnu99;
				GCC_DYNAMIC_NO_PIC = NO;
				GCC_NO_COMMON_BLOCKS = YES;
				GCC_OPTIMIZATION_LEVEL = 0;
				GCC_PREPROCESSOR_DEFINITIONS = (
					"DEBUG=1",
					"$(inherited)",
				);
				GCC_WARN_64_TO_32_BIT_CONVERSION = YES;
				GCC_WARN_ABOUT_RETURN_TYPE = YES_ERROR;
				GCC_WARN_UNDECLARED_SELECTOR = YES;
				GCC_WARN_UNINITIALIZED_AUTOS = YES_AGGRESSIVE;
				GCC_WARN_UNUSED_FUNCTION = YES;
				GCC_WARN_UNUSED_VARIABLE = YES;
				IPHONEOS_DEPLOYMENT_TARGET = 10.2;
				MTL_ENABLE_DEBUG_INFO = YES;
				ONLY_ACTIVE_ARCH = YES;
				SDKROOT = iphoneos;
				SWIFT_ACTIVE_COMPILATION_CONDITIONS = DEBUG;
				SWIFT_OPTIMIZATION_LEVEL = "-Onone";
				TARGETED_DEVICE_FAMILY = "1,2";
			};
			name = Debug;
		};
		183940651FD3ED5700F0DB12 /* Release */ = {
			isa = XCBuildConfiguration;
			buildSettings = {
				ALWAYS_SEARCH_USER_PATHS = NO;
				CLANG_ANALYZER_NONNULL = YES;
				CLANG_CXX_LANGUAGE_STANDARD = "gnu++0x";
				CLANG_CXX_LIBRARY = "libc++";
				CLANG_ENABLE_MODULES = YES;
				CLANG_ENABLE_OBJC_ARC = YES;
				CLANG_WARN_BOOL_CONVERSION = YES;
				CLANG_WARN_CONSTANT_CONVERSION = YES;
				CLANG_WARN_DIRECT_OBJC_ISA_USAGE = YES_ERROR;
				CLANG_WARN_DOCUMENTATION_COMMENTS = YES;
				CLANG_WARN_EMPTY_BODY = YES;
				CLANG_WARN_ENUM_CONVERSION = YES;
				CLANG_WARN_INFINITE_RECURSION = YES;
				CLANG_WARN_INT_CONVERSION = YES;
				CLANG_WARN_OBJC_ROOT_CLASS = YES_ERROR;
				CLANG_WARN_SUSPICIOUS_MOVE = YES;
				CLANG_WARN_UNREACHABLE_CODE = YES;
				CLANG_WARN__DUPLICATE_METHOD_MATCH = YES;
				"CODE_SIGN_IDENTITY[sdk=iphoneos*]" = "iPhone Developer";
				COPY_PHASE_STRIP = NO;
				DEBUG_INFORMATION_FORMAT = "dwarf-with-dsym";
				ENABLE_NS_ASSERTIONS = NO;
				ENABLE_STRICT_OBJC_MSGSEND = YES;
				GCC_C_LANGUAGE_STANDARD = gnu99;
				GCC_NO_COMMON_BLOCKS = YES;
				GCC_WARN_64_TO_32_BIT_CONVERSION = YES;
				GCC_WARN_ABOUT_RETURN_TYPE = YES_ERROR;
				GCC_WARN_UNDECLARED_SELECTOR = YES;
				GCC_WARN_UNINITIALIZED_AUTOS = YES_AGGRESSIVE;
				GCC_WARN_UNUSED_FUNCTION = YES;
				GCC_WARN_UNUSED_VARIABLE = YES;
				IPHONEOS_DEPLOYMENT_TARGET = 10.2;
				MTL_ENABLE_DEBUG_INFO = NO;
				SDKROOT = iphoneos;
				SWIFT_OPTIMIZATION_LEVEL = "-Owholemodule";
				TARGETED_DEVICE_FAMILY = "1,2";
				VALIDATE_PRODUCT = YES;
			};
			name = Release;
		};
		183940671FD3ED5700F0DB12 /* Debug */ = {
			isa = XCBuildConfiguration;
			buildSettings = {
				ASSETCATALOG_COMPILER_APPICON_NAME = AppIcon;
				DEVELOPMENT_TEAM = 3KGZVUCKF2;
				INFOPLIST_FILE = TrackMeIndoor/Info.plist;
				LD_RUNPATH_SEARCH_PATHS = "$(inherited) @executable_path/Frameworks";
				PRODUCT_BUNDLE_IDENTIFIER = whatever.TrackMeIndoor;
				PRODUCT_NAME = "$(TARGET_NAME)";
				SWIFT_SWIFT3_OBJC_INFERENCE = On;
				SWIFT_VERSION = 4.0;
			};
			name = Debug;
		};
		183940681FD3ED5700F0DB12 /* Release */ = {
			isa = XCBuildConfiguration;
			buildSettings = {
				ASSETCATALOG_COMPILER_APPICON_NAME = AppIcon;
				DEVELOPMENT_TEAM = 3KGZVUCKF2;
				INFOPLIST_FILE = TrackMeIndoor/Info.plist;
				LD_RUNPATH_SEARCH_PATHS = "$(inherited) @executable_path/Frameworks";
				PRODUCT_BUNDLE_IDENTIFIER = whatever.TrackMeIndoor;
				PRODUCT_NAME = "$(TARGET_NAME)";
				SWIFT_SWIFT3_OBJC_INFERENCE = On;
				SWIFT_VERSION = 4.0;
			};
			name = Release;
		};
/* End XCBuildConfiguration section */

/* Begin XCConfigurationList section */
		1839404F1FD3ED5700F0DB12 /* Build configuration list for PBXProject "TrackMeIndoor" */ = {
			isa = XCConfigurationList;
			buildConfigurations = (
				183940641FD3ED5700F0DB12 /* Debug */,
				183940651FD3ED5700F0DB12 /* Release */,
			);
			defaultConfigurationIsVisible = 0;
			defaultConfigurationName = Release;
		};
		183940661FD3ED5700F0DB12 /* Build configuration list for PBXNativeTarget "TrackMeIndoor" */ = {
			isa = XCConfigurationList;
			buildConfigurations = (
				183940671FD3ED5700F0DB12 /* Debug */,
				183940681FD3ED5700F0DB12 /* Release */,
			);
			defaultConfigurationIsVisible = 0;
			defaultConfigurationName = Release;
		};
/* End XCConfigurationList section */
	};
	rootObject = 1839404C1FD3ED5700F0DB12 /* Project object */;
}
